{
    "_readme": [
        "This file locks the dependencies of your project to a known state",
        "Read more about it at https://getcomposer.org/doc/01-basic-usage.md#installing-dependencies",
        "This file is @generated automatically"
    ],
    "content-hash": "a6117e422ef6dc7876418430709aaf7f",
    "packages": [
        {
            "name": "fzed51/console-options",
            "version": "v1.1.1",
            "source": {
                "type": "git",
                "url": "https://github.com/fzed51/console-options.git",
                "reference": "0049517b5b1bd96d5ffdc4daf89e40ae240559c9"
            },
            "dist": {
                "type": "zip",
                "url": "https://api.github.com/repos/fzed51/console-options/zipball/0049517b5b1bd96d5ffdc4daf89e40ae240559c9",
                "reference": "0049517b5b1bd96d5ffdc4daf89e40ae240559c9",
                "shasum": ""
            },
            "require-dev": {
                "fzed51/run-test": "^1"
            },
            "type": "library",
            "autoload": {
                "psr-4": {
                    "Console\\Options\\": "./src"
                }
            },
            "notification-url": "https://packagist.org/downloads/",
            "license": [
                "MIT"
            ],
            "authors": [
                {
                    "name": "Fabien Sanchez",
                    "email": "fzed51@users.noreply.github.com"
                }
            ],
            "description": "option parser pour ligne de commande PHP",
            "time": "2019-01-30T10:29:11+00:00"
        }
    ],
    "packages-dev": [],
    "aliases": [],
    "minimum-stability": "stable",
    "stability-flags": [],
    "prefer-stable": false,
    "prefer-lowest": false,
    "platform": {
        "php": "^7.1",
        "ext-xdebug": "*",
        "ext-json": "*"
    },
    "platform-dev": []
}
